// !$*UTF8*$!
{
	archiveVersion = 1;
	classes = {
	};
	objectVersion = 46;
	objects = {

/* Begin PBXBuildFile section */
		F25BB9731A2B0B2400A12F0D /* AppDelegate.swift in Sources */ = {isa = PBXBuildFile; fileRef = F25BB9721A2B0B2400A12F0D /* AppDelegate.swift */; };
		F25BB9751A2B0B2400A12F0D /* ViewController.swift in Sources */ = {isa = PBXBuildFile; fileRef = F25BB9741A2B0B2400A12F0D /* ViewController.swift */; };
		F25BB9781A2B0B2400A12F0D /* Main.storyboard in Resources */ = {isa = PBXBuildFile; fileRef = F25BB9761A2B0B2400A12F0D /* Main.storyboard */; };
		F25BB97A1A2B0B2400A12F0D /* Images.xcassets in Resources */ = {isa = PBXBuildFile; fileRef = F25BB9791A2B0B2400A12F0D /* Images.xcassets */; };
		F25BB97D1A2B0B2400A12F0D /* LaunchScreen.xib in Resources */ = {isa = PBXBuildFile; fileRef = F25BB97B1A2B0B2400A12F0D /* LaunchScreen.xib */; };
		F25BB9891A2B0B2400A12F0D /* TipCalculatorTests.swift in Sources */ = {isa = PBXBuildFile; fileRef = F25BB9881A2B0B2400A12F0D /* TipCalculatorTests.swift */; };
		F25BB9931A2B0D9600A12F0D /* TipCalculatorModel.swift in Sources */ = {isa = PBXBuildFile; fileRef = F25BB9921A2B0D9600A12F0D /* TipCalculatorModel.swift */; };
/* End PBXBuildFile section */

/* Begin PBXContainerItemProxy section */
		F25BB9831A2B0B2400A12F0D /* PBXContainerItemProxy */ = {
			isa = PBXContainerItemProxy;
			containerPortal = F25BB9651A2B0B2400A12F0D /* Project object */;
			proxyType = 1;
			remoteGlobalIDString = F25BB96C1A2B0B2400A12F0D;
			remoteInfo = TipCalculator;
		};
/* End PBXContainerItemProxy section */

/* Begin PBXFileReference section */
		F25BB96D1A2B0B2400A12F0D /* TipCalculator.app */ = {isa = PBXFileReference; explicitFileType = wrapper.application; includeInIndex = 0; path = TipCalculator.app; sourceTree = BUILT_PRODUCTS_DIR; };
		F25BB9711A2B0B2400A12F0D /* Info.plist */ = {isa = PBXFileReference; lastKnownFileType = text.plist.xml; path = Info.plist; sourceTree = "<group>"; };
		F25BB9721A2B0B2400A12F0D /* AppDelegate.swift */ = {isa = PBXFileReference; lastKnownFileType = sourcecode.swift; path = AppDelegate.swift; sourceTree = "<group>"; };
		F25BB9741A2B0B2400A12F0D /* ViewController.swift */ = {isa = PBXFileReference; lastKnownFileType = sourcecode.swift; path = ViewController.swift; sourceTree = "<group>"; };
		F25BB9771A2B0B2400A12F0D /* Base */ = {isa = PBXFileReference; lastKnownFileType = file.storyboard; name = Base; path = Base.lproj/Main.storyboard; sourceTree = "<group>"; };
		F25BB9791A2B0B2400A12F0D /* Images.xcassets */ = {isa = PBXFileReference; lastKnownFileType = folder.assetcatalog; path = Images.xcassets; sourceTree = "<group>"; };
		F25BB97C1A2B0B2400A12F0D /* Base */ = {isa = PBXFileReference; lastKnownFileType = file.xib; name = Base; path = Base.lproj/LaunchScreen.xib; sourceTree = "<group>"; };
		F25BB9821A2B0B2400A12F0D /* TipCalculatorTests.xctest */ = {isa = PBXFileReference; explicitFileType = wrapper.cfbundle; includeInIndex = 0; path = TipCalculatorTests.xctest; sourceTree = BUILT_PRODUCTS_DIR; };
		F25BB9871A2B0B2400A12F0D /* Info.plist */ = {isa = PBXFileReference; lastKnownFileType = text.plist.xml; path = Info.plist; sourceTree = "<group>"; };
		F25BB9881A2B0B2400A12F0D /* TipCalculatorTests.swift */ = {isa = PBXFileReference; lastKnownFileType = sourcecode.swift; path = TipCalculatorTests.swift; sourceTree = "<group>"; };
		F25BB9921A2B0D9600A12F0D /* TipCalculatorModel.swift */ = {isa = PBXFileReference; fileEncoding = 4; lastKnownFileType = sourcecode.swift; path = TipCalculatorModel.swift; sourceTree = SOURCE_ROOT; };
/* End PBXFileReference section */

/* Begin PBXFrameworksBuildPhase section */
		F25BB96A1A2B0B2400A12F0D /* Frameworks */ = {
			isa = PBXFrameworksBuildPhase;
			buildActionMask = 2147483647;
			files = (
			);
			runOnlyForDeploymentPostprocessing = 0;
		};
		F25BB97F1A2B0B2400A12F0D /* Frameworks */ = {
			isa = PBXFrameworksBuildPhase;
			buildActionMask = 2147483647;
			files = (
			);
			runOnlyForDeploymentPostprocessing = 0;
		};
/* End PBXFrameworksBuildPhase section */

/* Begin PBXGroup section */
		F25BB9641A2B0B2400A12F0D = {
			isa = PBXGroup;
			children = (
				F25BB96F1A2B0B2400A12F0D /* TipCalculator */,
				F25BB9851A2B0B2400A12F0D /* TipCalculatorTests */,
				F25BB96E1A2B0B2400A12F0D /* Products */,
			);
			sourceTree = "<group>";
		};
		F25BB96E1A2B0B2400A12F0D /* Products */ = {
			isa = PBXGroup;
			children = (
				F25BB96D1A2B0B2400A12F0D /* TipCalculator.app */,
				F25BB9821A2B0B2400A12F0D /* TipCalculatorTests.xctest */,
			);
			name = Products;
			sourceTree = "<group>";
		};
		F25BB96F1A2B0B2400A12F0D /* TipCalculator */ = {
			isa = PBXGroup;
			children = (
				F25BB9721A2B0B2400A12F0D /* AppDelegate.swift */,
				F25BB9921A2B0D9600A12F0D /* TipCalculatorModel.swift */,
				F25BB9741A2B0B2400A12F0D /* ViewController.swift */,
				F25BB9761A2B0B2400A12F0D /* Main.storyboard */,
				F25BB9791A2B0B2400A12F0D /* Images.xcassets */,
				F25BB97B1A2B0B2400A12F0D /* LaunchScreen.xib */,
				F25BB9701A2B0B2400A12F0D /* Supporting Files */,
			);
			path = TipCalculator;
			sourceTree = "<group>";
		};
		F25BB9701A2B0B2400A12F0D /* Supporting Files */ = {
			isa = PBXGroup;
			children = (
				F25BB9711A2B0B2400A12F0D /* Info.plist */,
			);
			name = "Supporting Files";
			sourceTree = "<group>";
		};
		F25BB9851A2B0B2400A12F0D /* TipCalculatorTests */ = {
			isa = PBXGroup;
			children = (
				F25BB9881A2B0B2400A12F0D /* TipCalculatorTests.swift */,
				F25BB9861A2B0B2400A12F0D /* Supporting Files */,
			);
			path = TipCalculatorTests;
			sourceTree = "<group>";
		};
		F25BB9861A2B0B2400A12F0D /* Supporting Files */ = {
			isa = PBXGroup;
			children = (
				F25BB9871A2B0B2400A12F0D /* Info.plist */,
			);
			name = "Supporting Files";
			sourceTree = "<group>";
		};
/* End PBXGroup section */

/* Begin PBXNativeTarget section */
		F25BB96C1A2B0B2400A12F0D /* TipCalculator */ = {
			isa = PBXNativeTarget;
			buildConfigurationList = F25BB98C1A2B0B2400A12F0D /* Build configuration list for PBXNativeTarget "TipCalculator" */;
			buildPhases = (
				F25BB9691A2B0B2400A12F0D /* Sources */,
				F25BB96A1A2B0B2400A12F0D /* Frameworks */,
				F25BB96B1A2B0B2400A12F0D /* Resources */,
			);
			buildRules = (
			);
			dependencies = (
			);
			name = TipCalculator;
			productName = TipCalculator;
			productReference = F25BB96D1A2B0B2400A12F0D /* TipCalculator.app */;
			productType = "com.apple.product-type.application";
		};
		F25BB9811A2B0B2400A12F0D /* TipCalculatorTests */ = {
			isa = PBXNativeTarget;
			buildConfigurationList = F25BB98F1A2B0B2400A12F0D /* Build configuration list for PBXNativeTarget "TipCalculatorTests" */;
			buildPhases = (
				F25BB97E1A2B0B2400A12F0D /* Sources */,
				F25BB97F1A2B0B2400A12F0D /* Frameworks */,
				F25BB9801A2B0B2400A12F0D /* Resources */,
			);
			buildRules = (
			);
			dependencies = (
				F25BB9841A2B0B2400A12F0D /* PBXTargetDependency */,
			);
			name = TipCalculatorTests;
			productName = TipCalculatorTests;
			productReference = F25BB9821A2B0B2400A12F0D /* TipCalculatorTests.xctest */;
			productType = "com.apple.product-type.bundle.unit-test";
		};
/* End PBXNativeTarget section */

/* Begin PBXProject section */
		F25BB9651A2B0B2400A12F0D /* Project object */ = {
			isa = PBXProject;
			attributes = {
				LastUpgradeCheck = 0610;
				ORGANIZATIONNAME = GT;
				TargetAttributes = {
					F25BB96C1A2B0B2400A12F0D = {
						CreatedOnToolsVersion = 6.1;
					};
					F25BB9811A2B0B2400A12F0D = {
						CreatedOnToolsVersion = 6.1;
						TestTargetID = F25BB96C1A2B0B2400A12F0D;
					};
				};
			};
			buildConfigurationList = F25BB9681A2B0B2400A12F0D /* Build configuration list for PBXProject "TipCalculator" */;
			compatibilityVersion = "Xcode 3.2";
			developmentRegion = English;
			hasScannedForEncodings = 0;
			knownRegions = (
				en,
				Base,
			);
			mainGroup = F25BB9641A2B0B2400A12F0D;
			productRefGroup = F25BB96E1A2B0B2400A12F0D /* Products */;
			projectDirPath = "";
			projectRoot = "";
			targets = (
				F25BB96C1A2B0B2400A12F0D /* TipCalculator */,
				F25BB9811A2B0B2400A12F0D /* TipCalculatorTests */,
			);
		};
/* End PBXProject section */

/* Begin PBXResourcesBuildPhase section */
		F25BB96B1A2B0B2400A12F0D /* Resources */ = {
			isa = PBXResourcesBuildPhase;
			buildActionMask = 2147483647;
			files = (
				F25BB9781A2B0B2400A12F0D /* Main.storyboard in Resources */,
				F25BB97D1A2B0B2400A12F0D /* LaunchScreen.xib in Resources */,
				F25BB97A1A2B0B2400A12F0D /* Images.xcassets in Resources */,
			);
			runOnlyForDeploymentPostprocessing = 0;
		};
		F25BB9801A2B0B2400A12F0D /* Resources */ = {
			isa = PBXResourcesBuildPhase;
			buildActionMask = 2147483647;
			files = (
			);
			runOnlyForDeploymentPostprocessing = 0;
		};
/* End PBXResourcesBuildPhase section */

/* Begin PBXSourcesBuildPhase section */
		F25BB9691A2B0B2400A12F0D /* Sources */ = {
			isa = PBXSourcesBuildPhase;
			buildActionMask = 2147483647;
			files = (
				F25BB9931A2B0D9600A12F0D /* TipCalculatorModel.swift in Sources */,
				F25BB9751A2B0B2400A12F0D /* ViewController.swift in Sources */,
				F25BB9731A2B0B2400A12F0D /* AppDelegate.swift in Sources */,
			);
			runOnlyForDeploymentPostprocessing = 0;
		};
		F25BB97E1A2B0B2400A12F0D /* Sources */ = {
			isa = PBXSourcesBuildPhase;
			buildActionMask = 2147483647;
			files = (
				F25BB9891A2B0B2400A12F0D /* TipCalculatorTests.swift in Sources */,
			);
			runOnlyForDeploymentPostprocessing = 0;
		};
/* End PBXSourcesBuildPhase section */

/* Begin PBXTargetDependency section */
		F25BB9841A2B0B2400A12F0D /* PBXTargetDependency */ = {
			isa = PBXTargetDependency;
			target = F25BB96C1A2B0B2400A12F0D /* TipCalculator */;
			targetProxy = F25BB9831A2B0B2400A12F0D /* PBXContainerItemProxy */;
		};
/* End PBXTargetDependency section */

/* Begin PBXVariantGroup section */
		F25BB9761A2B0B2400A12F0D /* Main.storyboard */ = {
			isa = PBXVariantGroup;
			children = (
				F25BB9771A2B0B2400A12F0D /* Base */,
			);
			name = Main.storyboard;
			sourceTree = "<group>";
		};
		F25BB97B1A2B0B2400A12F0D /* LaunchScreen.xib */ = {
			isa = PBXVariantGroup;
			children = (
				F25BB97C1A2B0B2400A12F0D /* Base */,
			);
			name = LaunchScreen.xib;
			sourceTree = "<group>";
		};
/* End PBXVariantGroup section */

/* Begin XCBuildConfiguration section */
		F25BB98A1A2B0B2400A12F0D /* Debug */ = {
			isa = XCBuildConfiguration;
			buildSettings = {
				ALWAYS_SEARCH_USER_PATHS = NO;
				CLANG_CXX_LANGUAGE_STANDARD = "gnu++0x";
				CLANG_CXX_LIBRARY = "libc++";
				CLANG_ENABLE_MODULES = YES;
				CLANG_ENABLE_OBJC_ARC = YES;
				CLANG_WARN_BOOL_CONVERSION = YES;
				CLANG_WARN_CONSTANT_CONVERSION = YES;
				CLANG_WARN_DIRECT_OBJC_ISA_USAGE = YES_ERROR;
				CLANG_WARN_EMPTY_BODY = YES;
				CLANG_WARN_ENUM_CONVERSION = YES;
				CLANG_WARN_INT_CONVERSION = YES;
				CLANG_WARN_OBJC_ROOT_CLASS = YES_ERROR;
				CLANG_WARN_UNREACHABLE_CODE = YES;
				CLANG_WARN__DUPLICATE_METHOD_MATCH = YES;
				"CODE_SIGN_IDENTITY[sdk=iphoneos*]" = "iPhone Developer";
				COPY_PHASE_STRIP = NO;
				ENABLE_STRICT_OBJC_MSGSEND = YES;
				GCC_C_LANGUAGE_STANDARD = gnu99;
				GCC_DYNAMIC_NO_PIC = NO;
				GCC_OPTIMIZATION_LEVEL = 0;
				GCC_PREPROCESSOR_DEFINITIONS = (
					"DEBUG=1",
					"$(inherited)",
				);
				GCC_SYMBOLS_PRIVATE_EXTERN = NO;
				GCC_WARN_64_TO_32_BIT_CONVERSION = YES;
				GCC_WARN_ABOUT_RETURN_TYPE = YES_ERROR;
				GCC_WARN_UNDECLARED_SELECTOR = YES;
				GCC_WARN_UNINITIALIZED_AUTOS = YES_AGGRESSIVE;
				GCC_WARN_UNUSED_FUNCTION = YES;
				GCC_WARN_UNUSED_VARIABLE = YES;
				IPHONEOS_DEPLOYMENT_TARGET = 8.1;
				MTL_ENABLE_DEBUG_INFO = YES;
				ONLY_ACTIVE_ARCH = YES;
				SDKROOT = iphoneos;
				SWIFT_OPTIMIZATION_LEVEL = "-Onone";
			};
			name = Debug;
		};
		F25BB98B1A2B0B2400A12F0D /* Release */ = {
			isa = XCBuildConfiguration;
			buildSettings = {
				ALWAYS_SEARCH_USER_PATHS = NO;
				CLANG_CXX_LANGUAGE_STANDARD = "gnu++0x";
				CLANG_CXX_LIBRARY = "libc++";
				CLANG_ENABLE_MODULES = YES;
				CLANG_ENABLE_OBJC_ARC = YES;
				CLANG_WARN_BOOL_CONVERSION = YES;
				CLANG_WARN_CONSTANT_CONVERSION = YES;
				CLANG_WARN_DIRECT_OBJC_ISA_USAGE = YES_ERROR;
				CLANG_WARN_EMPTY_BODY = YES;
				CLANG_WARN_ENUM_CONVERSION = YES;
				CLANG_WARN_INT_CONVERSION = YES;
				CLANG_WARN_OBJC_ROOT_CLASS = YES_ERROR;
				CLANG_WARN_UNREACHABLE_CODE = YES;
				CLANG_WARN__DUPLICATE_METHOD_MATCH = YES;
				"CODE_SIGN_IDENTITY[sdk=iphoneos*]" = "iPhone Developer";
				COPY_PHASE_STRIP = YES;
				ENABLE_NS_ASSERTIONS = NO;
				ENABLE_STRICT_OBJC_MSGSEND = YES;
				GCC_C_LANGUAGE_STANDARD = gnu99;
				GCC_WARN_64_TO_32_BIT_CONVERSION = YES;
				GCC_WARN_ABOUT_RETURN_TYPE = YES_ERROR;
				GCC_WARN_UNDECLARED_SELECTOR = YES;
				GCC_WARN_UNINITIALIZED_AUTOS = YES_AGGRESSIVE;
				GCC_WARN_UNUSED_FUNCTION = YES;
				GCC_WARN_UNUSED_VARIABLE = YES;
				IPHONEOS_DEPLOYMENT_TARGET = 8.1;
				MTL_ENABLE_DEBUG_INFO = NO;
				SDKROOT = iphoneos;
				VALIDATE_PRODUCT = YES;
			};
			name = Release;
		};
		F25BB98D1A2B0B2400A12F0D /* Debug */ = {
			isa = XCBuildConfiguration;
			buildSettings = {
				ASSETCATALOG_COMPILER_APPICON_NAME = AppIcon;
				INFOPLIST_FILE = TipCalculator/Info.plist;
				LD_RUNPATH_SEARCH_PATHS = "$(inherited) @executable_path/Frameworks";
				PRODUCT_NAME = "$(TARGET_NAME)";
			};
			name = Debug;
		};
		F25BB98E1A2B0B2400A12F0D /* Release */ = {
			isa = XCBuildConfiguration;
			buildSettings = {
				ASSETCATALOG_COMPILER_APPICON_NAME = AppIcon;
				INFOPLIST_FILE = TipCalculator/Info.plist;
				LD_RUNPATH_SEARCH_PATHS = "$(inherited) @executable_path/Frameworks";
				PRODUCT_NAME = "$(TARGET_NAME)";
			};
			name = Release;
		};
		F25BB9901A2B0B2400A12F0D /* Debug */ = {
			isa = XCBuildConfiguration;
			buildSettings = {
				BUNDLE_LOADER = "$(TEST_HOST)";
				FRAMEWORK_SEARCH_PATHS = (
					"$(SDKROOT)/Developer/Library/Frameworks",
					"$(inherited)",
				);
				GCC_PREPROCESSOR_DEFINITIONS = (
					"DEBUG=1",
					"$(inherited)",
				);
				INFOPLIST_FILE = TipCalculatorTests/Info.plist;
				LD_RUNPATH_SEARCH_PATHS = "$(inherited) @executable_path/Frameworks @loader_path/Frameworks";
				PRODUCT_NAME = "$(TARGET_NAME)";
				TEST_HOST = "$(BUILT_PRODUCTS_DIR)/TipCalculator.app/TipCalculator";
			};
			name = Debug;
		};
		F25BB9911A2B0B2400A12F0D /* Release */ = {
			isa = XCBuildConfiguration;
			buildSettings = {
				BUNDLE_LOADER = "$(TEST_HOST)";
				FRAMEWORK_SEARCH_PATHS = (
					"$(SDKROOT)/Developer/Library/Frameworks",
					"$(inherited)",
				);
				INFOPLIST_FILE = TipCalculatorTests/Info.plist;
				LD_RUNPATH_SEARCH_PATHS = "$(inherited) @executable_path/Frameworks @loader_path/Frameworks";
				PRODUCT_NAME = "$(TARGET_NAME)";
				TEST_HOST = "$(BUILT_PRODUCTS_DIR)/TipCalculator.app/TipCalculator";
			};
			name = Release;
		};
/* End XCBuildConfiguration section */

/* Begin XCConfigurationList section */
		F25BB9681A2B0B2400A12F0D /* Build configuration list for PBXProject "TipCalculator" */ = {
			isa = XCConfigurationList;
			buildConfigurations = (
				F25BB98A1A2B0B2400A12F0D /* Debug */,
				F25BB98B1A2B0B2400A12F0D /* Release */,
			);
			defaultConfigurationIsVisible = 0;
			defaultConfigurationName = Release;
		};
		F25BB98C1A2B0B2400A12F0D /* Build configuration list for PBXNativeTarget "TipCalculator" */ = {
			isa = XCConfigurationList;
			buildConfigurations = (
				F25BB98D1A2B0B2400A12F0D /* Debug */,
				F25BB98E1A2B0B2400A12F0D /* Release */,
			);
			defaultConfigurationIsVisible = 0;
		};
		F25BB98F1A2B0B2400A12F0D /* Build configuration list for PBXNativeTarget "TipCalculatorTests" */ = {
			isa = XCConfigurationList;
			buildConfigurations = (
				F25BB9901A2B0B2400A12F0D /* Debug */,
				F25BB9911A2B0B2400A12F0D /* Release */,
			);
			defaultConfigurationIsVisible = 0;
		};
/* End XCConfigurationList section */
	};
	rootObject = F25BB9651A2B0B2400A12F0D /* Project object */;
}
